PODS:
  - Forge (1.0.9)
  - Satin (1.2.7)
  - Youi (2.0.0):
    - Satin

DEPENDENCIES:
  - Forge
  - Satin
  - Youi

SPEC REPOS:
  trunk:
    - Forge
    - Satin
    - Youi

SPEC CHECKSUMS:
  Forge: abca50ae8838a6d745b9a4e204bc2cb800546cef
  Satin: 319e0ae79da632444ec1dd8ee6e1f2a5e47e63a3
  Youi: 547eb0561e59aaf62fe46c2c6d438d646a6ad7e3

PODFILE CHECKSUM: b34d0a0f276f1c85ea49cdf9377a65328c8f44e8

COCOAPODS: 1.10.0
