PODS:
  - Forge (0.1.0)
  - Satin (0.2.0)
  - Youi (0.0.1):
    - Satin

DEPENDENCIES:
  - Forge (from `../Forge`)
  - Satin (from `../Satin`)
  - Youi (from `../Youi`)

EXTERNAL SOURCES:
  Forge:
    :path: "../Forge"
  Satin:
    :path: "../Satin"
  Youi:
    :path: "../Youi"

SPEC CHECKSUMS:
  Forge: 235ac8e6a6ac48d2db3be3bae3723ec6180b0ba1
  Satin: 38cd644e7cb1a7defabc2d18ccb27c40223fdc1e
  Youi: 3028987049f5a52304333c8606e3f2dc78e3ef67

PODFILE CHECKSUM: efacc03fc0c47da5bbd47764e10208a66e4e8f62

COCOAPODS: 1.8.4
