// !$*UTF8*$!
{
	archiveVersion = 1;
	classes = {
	};
	objectVersion = 50;
	objects = {

/* Begin PBXBuildFile section */
		5CC0BECD532B04E4994C7C99 /* Pods_SuperShapes_iOS.framework in Frameworks */ = {isa = PBXBuildFile; fileRef = 5C04679264FE164C80EB3E0C /* Pods_SuperShapes_iOS.framework */; };
		6CA58EDD33E3A65F8243A9F8 /* Pods_SuperShapes_macOS.framework in Frameworks */ = {isa = PBXBuildFile; fileRef = 18CE34E6A080938592F55F87 /* Pods_SuperShapes_macOS.framework */; };
		E183192925C9ED2E00415A37 /* AppDelegate.swift in Sources */ = {isa = PBXBuildFile; fileRef = E183192825C9ED2E00415A37 /* AppDelegate.swift */; };
		E183192D25C9ED2E00415A37 /* ViewController.swift in Sources */ = {isa = PBXBuildFile; fileRef = E183192C25C9ED2E00415A37 /* ViewController.swift */; };
		E183193225C9ED2E00415A37 /* Assets.xcassets in Resources */ = {isa = PBXBuildFile; fileRef = E183193125C9ED2E00415A37 /* Assets.xcassets */; };
		E183196A25CA143100415A37 /* Renderer+Inspector.swift in Sources */ = {isa = PBXBuildFile; fileRef = E183196325CA143100415A37 /* Renderer+Inspector.swift */; };
		E183196B25CA143100415A37 /* SuperShape.c in Sources */ = {isa = PBXBuildFile; fileRef = E183196725CA143100415A37 /* SuperShape.c */; };
		E183196C25CA143100415A37 /* Renderer+Export.swift in Sources */ = {isa = PBXBuildFile; fileRef = E183196825CA143100415A37 /* Renderer+Export.swift */; };
		E183196D25CA143100415A37 /* Renderer.swift in Sources */ = {isa = PBXBuildFile; fileRef = E183196925CA143100415A37 /* Renderer.swift */; };
		E183197725CA164A00415A37 /* ViewController.xib in Resources */ = {isa = PBXBuildFile; fileRef = E183197625CA164A00415A37 /* ViewController.xib */; };
		E1E77D7325CDE052002258FF /* AppDelegate.swift in Sources */ = {isa = PBXBuildFile; fileRef = E1E77D7225CDE052002258FF /* AppDelegate.swift */; };
		E1E77D7525CDE053002258FF /* Assets.xcassets in Resources */ = {isa = PBXBuildFile; fileRef = E1E77D7425CDE053002258FF /* Assets.xcassets */; };
		E1E77D7825CDE053002258FF /* MainMenu.xib in Resources */ = {isa = PBXBuildFile; fileRef = E1E77D7625CDE053002258FF /* MainMenu.xib */; };
		E1E77DBD25CDE289002258FF /* Renderer+Export.swift in Sources */ = {isa = PBXBuildFile; fileRef = E183196825CA143100415A37 /* Renderer+Export.swift */; };
		E1E77DBE25CDE289002258FF /* Renderer.swift in Sources */ = {isa = PBXBuildFile; fileRef = E183196925CA143100415A37 /* Renderer.swift */; };
		E1E77DBF25CDE289002258FF /* Renderer+Inspector.swift in Sources */ = {isa = PBXBuildFile; fileRef = E183196325CA143100415A37 /* Renderer+Inspector.swift */; };
		E1E77DC225CDE28F002258FF /* SuperShape.c in Sources */ = {isa = PBXBuildFile; fileRef = E183196725CA143100415A37 /* SuperShape.c */; };
/* End PBXBuildFile section */

/* Begin PBXFileReference section */
		18CE34E6A080938592F55F87 /* Pods_SuperShapes_macOS.framework */ = {isa = PBXFileReference; explicitFileType = wrapper.framework; includeInIndex = 0; path = Pods_SuperShapes_macOS.framework; sourceTree = BUILT_PRODUCTS_DIR; };
		29F8A72DF325C853ECAAD899 /* Pods-SuperShapes-macOS.release.xcconfig */ = {isa = PBXFileReference; includeInIndex = 1; lastKnownFileType = text.xcconfig; name = "Pods-SuperShapes-macOS.release.xcconfig"; path = "Target Support Files/Pods-SuperShapes-macOS/Pods-SuperShapes-macOS.release.xcconfig"; sourceTree = "<group>"; };
		40322114119BFA5362D15DD1 /* Pods-YouiTwo.debug.xcconfig */ = {isa = PBXFileReference; includeInIndex = 1; lastKnownFileType = text.xcconfig; name = "Pods-YouiTwo.debug.xcconfig"; path = "Target Support Files/Pods-YouiTwo/Pods-YouiTwo.debug.xcconfig"; sourceTree = "<group>"; };
		56FE0FC367A86B9B20283E52 /* Pods-YouiTwo.release.xcconfig */ = {isa = PBXFileReference; includeInIndex = 1; lastKnownFileType = text.xcconfig; name = "Pods-YouiTwo.release.xcconfig"; path = "Target Support Files/Pods-YouiTwo/Pods-YouiTwo.release.xcconfig"; sourceTree = "<group>"; };
		5C04679264FE164C80EB3E0C /* Pods_SuperShapes_iOS.framework */ = {isa = PBXFileReference; explicitFileType = wrapper.framework; includeInIndex = 0; path = Pods_SuperShapes_iOS.framework; sourceTree = BUILT_PRODUCTS_DIR; };
		67A756FB5ACE85D452838004 /* Pods-SuperShapes-iOS.debug.xcconfig */ = {isa = PBXFileReference; includeInIndex = 1; lastKnownFileType = text.xcconfig; name = "Pods-SuperShapes-iOS.debug.xcconfig"; path = "Target Support Files/Pods-SuperShapes-iOS/Pods-SuperShapes-iOS.debug.xcconfig"; sourceTree = "<group>"; };
		A3AF19A62F51ACA3E501BACE /* Pods-SuperShapes-iOS.release.xcconfig */ = {isa = PBXFileReference; includeInIndex = 1; lastKnownFileType = text.xcconfig; name = "Pods-SuperShapes-iOS.release.xcconfig"; path = "Target Support Files/Pods-SuperShapes-iOS/Pods-SuperShapes-iOS.release.xcconfig"; sourceTree = "<group>"; };
		D8F79E70AD63F73872E558AB /* Pods-SuperShapes-macOS.debug.xcconfig */ = {isa = PBXFileReference; includeInIndex = 1; lastKnownFileType = text.xcconfig; name = "Pods-SuperShapes-macOS.debug.xcconfig"; path = "Target Support Files/Pods-SuperShapes-macOS/Pods-SuperShapes-macOS.debug.xcconfig"; sourceTree = "<group>"; };
		E183192525C9ED2E00415A37 /* SuperShapes.app */ = {isa = PBXFileReference; explicitFileType = wrapper.application; includeInIndex = 0; path = SuperShapes.app; sourceTree = BUILT_PRODUCTS_DIR; };
		E183192825C9ED2E00415A37 /* AppDelegate.swift */ = {isa = PBXFileReference; lastKnownFileType = sourcecode.swift; path = AppDelegate.swift; sourceTree = "<group>"; };
		E183192C25C9ED2E00415A37 /* ViewController.swift */ = {isa = PBXFileReference; lastKnownFileType = sourcecode.swift; path = ViewController.swift; sourceTree = "<group>"; };
		E183193125C9ED2E00415A37 /* Assets.xcassets */ = {isa = PBXFileReference; lastKnownFileType = folder.assetcatalog; path = Assets.xcassets; sourceTree = "<group>"; };
		E183193625C9ED2E00415A37 /* Info.plist */ = {isa = PBXFileReference; lastKnownFileType = text.plist.xml; path = Info.plist; sourceTree = "<group>"; };
		E183196325CA143100415A37 /* Renderer+Inspector.swift */ = {isa = PBXFileReference; fileEncoding = 4; lastKnownFileType = sourcecode.swift; path = "Renderer+Inspector.swift"; sourceTree = "<group>"; };
		E183196525CA143100415A37 /* SuperShape.h */ = {isa = PBXFileReference; fileEncoding = 4; lastKnownFileType = sourcecode.c.h; path = SuperShape.h; sourceTree = "<group>"; };
		E183196625CA143100415A37 /* SuperShapes-Bridging-Header.h */ = {isa = PBXFileReference; fileEncoding = 4; lastKnownFileType = sourcecode.c.h; path = "SuperShapes-Bridging-Header.h"; sourceTree = "<group>"; };
		E183196725CA143100415A37 /* SuperShape.c */ = {isa = PBXFileReference; fileEncoding = 4; lastKnownFileType = sourcecode.c.c; path = SuperShape.c; sourceTree = "<group>"; };
		E183196825CA143100415A37 /* Renderer+Export.swift */ = {isa = PBXFileReference; fileEncoding = 4; lastKnownFileType = sourcecode.swift; path = "Renderer+Export.swift"; sourceTree = "<group>"; };
		E183196925CA143100415A37 /* Renderer.swift */ = {isa = PBXFileReference; fileEncoding = 4; lastKnownFileType = sourcecode.swift; path = Renderer.swift; sourceTree = "<group>"; };
		E183197625CA164A00415A37 /* ViewController.xib */ = {isa = PBXFileReference; lastKnownFileType = file.xib; path = ViewController.xib; sourceTree = "<group>"; };
		E1E77D3025CDB1E6002258FF /* SuperShapes.entitlements */ = {isa = PBXFileReference; lastKnownFileType = text.plist.entitlements; path = SuperShapes.entitlements; sourceTree = "<group>"; };
		E1E77D7025CDE052002258FF /* SuperShapes.app */ = {isa = PBXFileReference; explicitFileType = wrapper.application; includeInIndex = 0; path = SuperShapes.app; sourceTree = BUILT_PRODUCTS_DIR; };
		E1E77D7225CDE052002258FF /* AppDelegate.swift */ = {isa = PBXFileReference; lastKnownFileType = sourcecode.swift; path = AppDelegate.swift; sourceTree = "<group>"; };
		E1E77D7425CDE053002258FF /* Assets.xcassets */ = {isa = PBXFileReference; lastKnownFileType = folder.assetcatalog; path = Assets.xcassets; sourceTree = "<group>"; };
		E1E77D7725CDE053002258FF /* Base */ = {isa = PBXFileReference; lastKnownFileType = file.xib; name = Base; path = Base.lproj/MainMenu.xib; sourceTree = "<group>"; };
		E1E77D7925CDE053002258FF /* Info.plist */ = {isa = PBXFileReference; lastKnownFileType = text.plist.xml; path = Info.plist; sourceTree = "<group>"; };
/* End PBXFileReference section */

/* Begin PBXFrameworksBuildPhase section */
		E183192225C9ED2E00415A37 /* Frameworks */ = {
			isa = PBXFrameworksBuildPhase;
			buildActionMask = 2147483647;
			files = (
				5CC0BECD532B04E4994C7C99 /* Pods_SuperShapes_iOS.framework in Frameworks */,
			);
			runOnlyForDeploymentPostprocessing = 0;
		};
		E1E77D6D25CDE052002258FF /* Frameworks */ = {
			isa = PBXFrameworksBuildPhase;
			buildActionMask = 2147483647;
			files = (
				6CA58EDD33E3A65F8243A9F8 /* Pods_SuperShapes_macOS.framework in Frameworks */,
			);
			runOnlyForDeploymentPostprocessing = 0;
		};
/* End PBXFrameworksBuildPhase section */

/* Begin PBXGroup section */
		0EC49CA552A21DD7FF41E58C /* Frameworks */ = {
			isa = PBXGroup;
			children = (
				5C04679264FE164C80EB3E0C /* Pods_SuperShapes_iOS.framework */,
				18CE34E6A080938592F55F87 /* Pods_SuperShapes_macOS.framework */,
			);
			name = Frameworks;
			sourceTree = "<group>";
		};
		DB5A3E88DE41B6AF1CE5FF87 /* Pods */ = {
			isa = PBXGroup;
			children = (
				40322114119BFA5362D15DD1 /* Pods-YouiTwo.debug.xcconfig */,
				56FE0FC367A86B9B20283E52 /* Pods-YouiTwo.release.xcconfig */,
				67A756FB5ACE85D452838004 /* Pods-SuperShapes-iOS.debug.xcconfig */,
				A3AF19A62F51ACA3E501BACE /* Pods-SuperShapes-iOS.release.xcconfig */,
				D8F79E70AD63F73872E558AB /* Pods-SuperShapes-macOS.debug.xcconfig */,
				29F8A72DF325C853ECAAD899 /* Pods-SuperShapes-macOS.release.xcconfig */,
			);
			path = Pods;
			sourceTree = "<group>";
		};
		E183191C25C9ED2E00415A37 = {
			isa = PBXGroup;
			children = (
				E1E77D3025CDB1E6002258FF /* SuperShapes.entitlements */,
				E183193125C9ED2E00415A37 /* Assets.xcassets */,
				E183194D25CA104F00415A37 /* iOS */,
				E183192725C9ED2E00415A37 /* Source */,
				E1E77D7125CDE052002258FF /* macOS */,
				E183192625C9ED2E00415A37 /* Products */,
				DB5A3E88DE41B6AF1CE5FF87 /* Pods */,
				0EC49CA552A21DD7FF41E58C /* Frameworks */,
			);
			sourceTree = "<group>";
		};
		E183192625C9ED2E00415A37 /* Products */ = {
			isa = PBXGroup;
			children = (
				E183192525C9ED2E00415A37 /* SuperShapes.app */,
				E1E77D7025CDE052002258FF /* SuperShapes.app */,
			);
			name = Products;
			sourceTree = "<group>";
		};
		E183192725C9ED2E00415A37 /* Source */ = {
			isa = PBXGroup;
			children = (
				E183199E25CA216000415A37 /* ViewController */,
				E183196225CA143100415A37 /* Renderer */,
			);
			path = Source;
			sourceTree = "<group>";
		};
		E183194D25CA104F00415A37 /* iOS */ = {
			isa = PBXGroup;
			children = (
				E183192825C9ED2E00415A37 /* AppDelegate.swift */,
				E183193625C9ED2E00415A37 /* Info.plist */,
			);
			path = iOS;
			sourceTree = "<group>";
		};
		E183196225CA143100415A37 /* Renderer */ = {
			isa = PBXGroup;
			children = (
				E183196425CA143100415A37 /* Utilities */,
				E183196925CA143100415A37 /* Renderer.swift */,
				E183196325CA143100415A37 /* Renderer+Inspector.swift */,
				E183196825CA143100415A37 /* Renderer+Export.swift */,
			);
			path = Renderer;
			sourceTree = "<group>";
		};
		E183196425CA143100415A37 /* Utilities */ = {
			isa = PBXGroup;
			children = (
				E183196525CA143100415A37 /* SuperShape.h */,
				E183196625CA143100415A37 /* SuperShapes-Bridging-Header.h */,
				E183196725CA143100415A37 /* SuperShape.c */,
			);
			path = Utilities;
			sourceTree = "<group>";
		};
		E183199E25CA216000415A37 /* ViewController */ = {
			isa = PBXGroup;
			children = (
				E183192C25C9ED2E00415A37 /* ViewController.swift */,
				E183197625CA164A00415A37 /* ViewController.xib */,
			);
			path = ViewController;
			sourceTree = "<group>";
		};
		E1E77D7125CDE052002258FF /* macOS */ = {
			isa = PBXGroup;
			children = (
				E1E77D7225CDE052002258FF /* AppDelegate.swift */,
				E1E77D7425CDE053002258FF /* Assets.xcassets */,
				E1E77D7625CDE053002258FF /* MainMenu.xib */,
				E1E77D7925CDE053002258FF /* Info.plist */,
			);
			path = macOS;
			sourceTree = "<group>";
		};
/* End PBXGroup section */

/* Begin PBXNativeTarget section */
		E183192425C9ED2E00415A37 /* SuperShapes-iOS */ = {
			isa = PBXNativeTarget;
			buildConfigurationList = E183193925C9ED2E00415A37 /* Build configuration list for PBXNativeTarget "SuperShapes-iOS" */;
			buildPhases = (
				350A118A52FE207359AA31EF /* [CP] Check Pods Manifest.lock */,
				E183192125C9ED2E00415A37 /* Sources */,
				E183192225C9ED2E00415A37 /* Frameworks */,
				E183192325C9ED2E00415A37 /* Resources */,
				2E423AC2FA8EFACDFB7A1CD5 /* [CP] Embed Pods Frameworks */,
			);
			buildRules = (
			);
			dependencies = (
			);
			name = "SuperShapes-iOS";
			productName = YouiTwo;
			productReference = E183192525C9ED2E00415A37 /* SuperShapes.app */;
			productType = "com.apple.product-type.application";
		};
		E1E77D6F25CDE052002258FF /* SuperShapes-macOS */ = {
			isa = PBXNativeTarget;
			buildConfigurationList = E1E77D7D25CDE053002258FF /* Build configuration list for PBXNativeTarget "SuperShapes-macOS" */;
			buildPhases = (
				E58F8B9A42D859A46E34E9BF /* [CP] Check Pods Manifest.lock */,
				E1E77D6C25CDE052002258FF /* Sources */,
				E1E77D6D25CDE052002258FF /* Frameworks */,
				E1E77D6E25CDE052002258FF /* Resources */,
				0283C43FF2E1E7871996BD66 /* [CP] Embed Pods Frameworks */,
			);
			buildRules = (
			);
			dependencies = (
			);
			name = "SuperShapes-macOS";
			productName = "YouiTwo-macOS";
			productReference = E1E77D7025CDE052002258FF /* SuperShapes.app */;
			productType = "com.apple.product-type.application";
		};
/* End PBXNativeTarget section */

/* Begin PBXProject section */
		E183191D25C9ED2E00415A37 /* Project object */ = {
			isa = PBXProject;
			attributes = {
				LastSwiftUpdateCheck = 1240;
				LastUpgradeCheck = 1240;
				TargetAttributes = {
					E183192425C9ED2E00415A37 = {
						CreatedOnToolsVersion = 12.4;
					};
					E1E77D6F25CDE052002258FF = {
						CreatedOnToolsVersion = 12.4;
					};
				};
			};
			buildConfigurationList = E183192025C9ED2E00415A37 /* Build configuration list for PBXProject "SuperShapes" */;
			compatibilityVersion = "Xcode 9.3";
			developmentRegion = en;
			hasScannedForEncodings = 0;
			knownRegions = (
				en,
				Base,
			);
			mainGroup = E183191C25C9ED2E00415A37;
			productRefGroup = E183192625C9ED2E00415A37 /* Products */;
			projectDirPath = "";
			projectRoot = "";
			targets = (
				E183192425C9ED2E00415A37 /* SuperShapes-iOS */,
				E1E77D6F25CDE052002258FF /* SuperShapes-macOS */,
			);
		};
/* End PBXProject section */

/* Begin PBXResourcesBuildPhase section */
		E183192325C9ED2E00415A37 /* Resources */ = {
			isa = PBXResourcesBuildPhase;
			buildActionMask = 2147483647;
			files = (
				E183197725CA164A00415A37 /* ViewController.xib in Resources */,
				E183193225C9ED2E00415A37 /* Assets.xcassets in Resources */,
			);
			runOnlyForDeploymentPostprocessing = 0;
		};
		E1E77D6E25CDE052002258FF /* Resources */ = {
			isa = PBXResourcesBuildPhase;
			buildActionMask = 2147483647;
			files = (
				E1E77D7525CDE053002258FF /* Assets.xcassets in Resources */,
				E1E77D7825CDE053002258FF /* MainMenu.xib in Resources */,
			);
			runOnlyForDeploymentPostprocessing = 0;
		};
/* End PBXResourcesBuildPhase section */

/* Begin PBXShellScriptBuildPhase section */
		0283C43FF2E1E7871996BD66 /* [CP] Embed Pods Frameworks */ = {
			isa = PBXShellScriptBuildPhase;
			buildActionMask = 2147483647;
			files = (
			);
			inputFileListPaths = (
			);
			name = "[CP] Embed Pods Frameworks";
			outputFileListPaths = (
			);
			runOnlyForDeploymentPostprocessing = 0;
			shellPath = /bin/sh;
			shellScript = "\"${PODS_ROOT}/Target Support Files/Pods-SuperShapes-macOS/Pods-SuperShapes-macOS-frameworks.sh\"\n";
			showEnvVarsInLog = 0;
		};
		2E423AC2FA8EFACDFB7A1CD5 /* [CP] Embed Pods Frameworks */ = {
			isa = PBXShellScriptBuildPhase;
			buildActionMask = 2147483647;
			files = (
			);
			inputFileListPaths = (
			);
			name = "[CP] Embed Pods Frameworks";
			outputFileListPaths = (
			);
			runOnlyForDeploymentPostprocessing = 0;
			shellPath = /bin/sh;
			shellScript = "\"${PODS_ROOT}/Target Support Files/Pods-SuperShapes-iOS/Pods-SuperShapes-iOS-frameworks.sh\"\n";
			showEnvVarsInLog = 0;
		};
		350A118A52FE207359AA31EF /* [CP] Check Pods Manifest.lock */ = {
			isa = PBXShellScriptBuildPhase;
			buildActionMask = 2147483647;
			files = (
			);
			inputFileListPaths = (
			);
			inputPaths = (
				"${PODS_PODFILE_DIR_PATH}/Podfile.lock",
				"${PODS_ROOT}/Manifest.lock",
			);
			name = "[CP] Check Pods Manifest.lock";
			outputFileListPaths = (
			);
			outputPaths = (
				"$(DERIVED_FILE_DIR)/Pods-SuperShapes-iOS-checkManifestLockResult.txt",
			);
			runOnlyForDeploymentPostprocessing = 0;
			shellPath = /bin/sh;
			shellScript = "diff \"${PODS_PODFILE_DIR_PATH}/Podfile.lock\" \"${PODS_ROOT}/Manifest.lock\" > /dev/null\nif [ $? != 0 ] ; then\n    # print error to STDERR\n    echo \"error: The sandbox is not in sync with the Podfile.lock. Run 'pod install' or update your CocoaPods installation.\" >&2\n    exit 1\nfi\n# This output is used by Xcode 'outputs' to avoid re-running this script phase.\necho \"SUCCESS\" > \"${SCRIPT_OUTPUT_FILE_0}\"\n";
			showEnvVarsInLog = 0;
		};
		E58F8B9A42D859A46E34E9BF /* [CP] Check Pods Manifest.lock */ = {
			isa = PBXShellScriptBuildPhase;
			buildActionMask = 2147483647;
			files = (
			);
			inputFileListPaths = (
			);
			inputPaths = (
				"${PODS_PODFILE_DIR_PATH}/Podfile.lock",
				"${PODS_ROOT}/Manifest.lock",
			);
			name = "[CP] Check Pods Manifest.lock";
			outputFileListPaths = (
			);
			outputPaths = (
				"$(DERIVED_FILE_DIR)/Pods-SuperShapes-macOS-checkManifestLockResult.txt",
			);
			runOnlyForDeploymentPostprocessing = 0;
			shellPath = /bin/sh;
			shellScript = "diff \"${PODS_PODFILE_DIR_PATH}/Podfile.lock\" \"${PODS_ROOT}/Manifest.lock\" > /dev/null\nif [ $? != 0 ] ; then\n    # print error to STDERR\n    echo \"error: The sandbox is not in sync with the Podfile.lock. Run 'pod install' or update your CocoaPods installation.\" >&2\n    exit 1\nfi\n# This output is used by Xcode 'outputs' to avoid re-running this script phase.\necho \"SUCCESS\" > \"${SCRIPT_OUTPUT_FILE_0}\"\n";
			showEnvVarsInLog = 0;
		};
/* End PBXShellScriptBuildPhase section */

/* Begin PBXSourcesBuildPhase section */
		E183192125C9ED2E00415A37 /* Sources */ = {
			isa = PBXSourcesBuildPhase;
			buildActionMask = 2147483647;
			files = (
				E183196C25CA143100415A37 /* Renderer+Export.swift in Sources */,
				E183192D25C9ED2E00415A37 /* ViewController.swift in Sources */,
				E183196D25CA143100415A37 /* Renderer.swift in Sources */,
				E183196B25CA143100415A37 /* SuperShape.c in Sources */,
				E183196A25CA143100415A37 /* Renderer+Inspector.swift in Sources */,
				E183192925C9ED2E00415A37 /* AppDelegate.swift in Sources */,
			);
			runOnlyForDeploymentPostprocessing = 0;
		};
		E1E77D6C25CDE052002258FF /* Sources */ = {
			isa = PBXSourcesBuildPhase;
			buildActionMask = 2147483647;
			files = (
				E1E77DC225CDE28F002258FF /* SuperShape.c in Sources */,
				E1E77DBF25CDE289002258FF /* Renderer+Inspector.swift in Sources */,
				E1E77DBD25CDE289002258FF /* Renderer+Export.swift in Sources */,
				E1E77DBE25CDE289002258FF /* Renderer.swift in Sources */,
				E1E77D7325CDE052002258FF /* AppDelegate.swift in Sources */,
			);
			runOnlyForDeploymentPostprocessing = 0;
		};
/* End PBXSourcesBuildPhase section */

/* Begin PBXVariantGroup section */
		E1E77D7625CDE053002258FF /* MainMenu.xib */ = {
			isa = PBXVariantGroup;
			children = (
				E1E77D7725CDE053002258FF /* Base */,
			);
			name = MainMenu.xib;
			sourceTree = "<group>";
		};
/* End PBXVariantGroup section */

/* Begin XCBuildConfiguration section */
		E183193725C9ED2E00415A37 /* Debug */ = {
			isa = XCBuildConfiguration;
			buildSettings = {
				ALWAYS_SEARCH_USER_PATHS = NO;
				CLANG_ANALYZER_NONNULL = YES;
				CLANG_ANALYZER_NUMBER_OBJECT_CONVERSION = YES_AGGRESSIVE;
				CLANG_CXX_LANGUAGE_STANDARD = "gnu++14";
				CLANG_CXX_LIBRARY = "libc++";
				CLANG_ENABLE_MODULES = YES;
				CLANG_ENABLE_OBJC_ARC = YES;
				CLANG_ENABLE_OBJC_WEAK = YES;
				CLANG_WARN_BLOCK_CAPTURE_AUTORELEASING = YES;
				CLANG_WARN_BOOL_CONVERSION = YES;
				CLANG_WARN_COMMA = YES;
				CLANG_WARN_CONSTANT_CONVERSION = YES;
				CLANG_WARN_DEPRECATED_OBJC_IMPLEMENTATIONS = YES;
				CLANG_WARN_DIRECT_OBJC_ISA_USAGE = YES_ERROR;
				CLANG_WARN_DOCUMENTATION_COMMENTS = YES;
				CLANG_WARN_EMPTY_BODY = YES;
				CLANG_WARN_ENUM_CONVERSION = YES;
				CLANG_WARN_INFINITE_RECURSION = YES;
				CLANG_WARN_INT_CONVERSION = YES;
				CLANG_WARN_NON_LITERAL_NULL_CONVERSION = YES;
				CLANG_WARN_OBJC_IMPLICIT_RETAIN_SELF = YES;
				CLANG_WARN_OBJC_LITERAL_CONVERSION = YES;
				CLANG_WARN_OBJC_ROOT_CLASS = YES_ERROR;
				CLANG_WARN_QUOTED_INCLUDE_IN_FRAMEWORK_HEADER = YES;
				CLANG_WARN_RANGE_LOOP_ANALYSIS = YES;
				CLANG_WARN_STRICT_PROTOTYPES = YES;
				CLANG_WARN_SUSPICIOUS_MOVE = YES;
				CLANG_WARN_UNGUARDED_AVAILABILITY = YES_AGGRESSIVE;
				CLANG_WARN_UNREACHABLE_CODE = YES;
				CLANG_WARN__DUPLICATE_METHOD_MATCH = YES;
				COPY_PHASE_STRIP = NO;
				DEBUG_INFORMATION_FORMAT = dwarf;
				ENABLE_STRICT_OBJC_MSGSEND = YES;
				ENABLE_TESTABILITY = YES;
				GCC_C_LANGUAGE_STANDARD = gnu11;
				GCC_DYNAMIC_NO_PIC = NO;
				GCC_NO_COMMON_BLOCKS = YES;
				GCC_OPTIMIZATION_LEVEL = 0;
				GCC_PREPROCESSOR_DEFINITIONS = (
					"DEBUG=1",
					"$(inherited)",
				);
				GCC_WARN_64_TO_32_BIT_CONVERSION = YES;
				GCC_WARN_ABOUT_RETURN_TYPE = YES_ERROR;
				GCC_WARN_UNDECLARED_SELECTOR = YES;
				GCC_WARN_UNINITIALIZED_AUTOS = YES_AGGRESSIVE;
				GCC_WARN_UNUSED_FUNCTION = YES;
				GCC_WARN_UNUSED_VARIABLE = YES;
				IPHONEOS_DEPLOYMENT_TARGET = 14.4;
				MTL_ENABLE_DEBUG_INFO = INCLUDE_SOURCE;
				MTL_FAST_MATH = YES;
				ONLY_ACTIVE_ARCH = YES;
				SDKROOT = iphoneos;
				SWIFT_ACTIVE_COMPILATION_CONDITIONS = DEBUG;
				SWIFT_OPTIMIZATION_LEVEL = "-Onone";
			};
			name = Debug;
		};
		E183193825C9ED2E00415A37 /* Release */ = {
			isa = XCBuildConfiguration;
			buildSettings = {
				ALWAYS_SEARCH_USER_PATHS = NO;
				CLANG_ANALYZER_NONNULL = YES;
				CLANG_ANALYZER_NUMBER_OBJECT_CONVERSION = YES_AGGRESSIVE;
				CLANG_CXX_LANGUAGE_STANDARD = "gnu++14";
				CLANG_CXX_LIBRARY = "libc++";
				CLANG_ENABLE_MODULES = YES;
				CLANG_ENABLE_OBJC_ARC = YES;
				CLANG_ENABLE_OBJC_WEAK = YES;
				CLANG_WARN_BLOCK_CAPTURE_AUTORELEASING = YES;
				CLANG_WARN_BOOL_CONVERSION = YES;
				CLANG_WARN_COMMA = YES;
				CLANG_WARN_CONSTANT_CONVERSION = YES;
				CLANG_WARN_DEPRECATED_OBJC_IMPLEMENTATIONS = YES;
				CLANG_WARN_DIRECT_OBJC_ISA_USAGE = YES_ERROR;
				CLANG_WARN_DOCUMENTATION_COMMENTS = YES;
				CLANG_WARN_EMPTY_BODY = YES;
				CLANG_WARN_ENUM_CONVERSION = YES;
				CLANG_WARN_INFINITE_RECURSION = YES;
				CLANG_WARN_INT_CONVERSION = YES;
				CLANG_WARN_NON_LITERAL_NULL_CONVERSION = YES;
				CLANG_WARN_OBJC_IMPLICIT_RETAIN_SELF = YES;
				CLANG_WARN_OBJC_LITERAL_CONVERSION = YES;
				CLANG_WARN_OBJC_ROOT_CLASS = YES_ERROR;
				CLANG_WARN_QUOTED_INCLUDE_IN_FRAMEWORK_HEADER = YES;
				CLANG_WARN_RANGE_LOOP_ANALYSIS = YES;
				CLANG_WARN_STRICT_PROTOTYPES = YES;
				CLANG_WARN_SUSPICIOUS_MOVE = YES;
				CLANG_WARN_UNGUARDED_AVAILABILITY = YES_AGGRESSIVE;
				CLANG_WARN_UNREACHABLE_CODE = YES;
				CLANG_WARN__DUPLICATE_METHOD_MATCH = YES;
				COPY_PHASE_STRIP = NO;
				DEBUG_INFORMATION_FORMAT = "dwarf-with-dsym";
				ENABLE_NS_ASSERTIONS = NO;
				ENABLE_STRICT_OBJC_MSGSEND = YES;
				GCC_C_LANGUAGE_STANDARD = gnu11;
				GCC_NO_COMMON_BLOCKS = YES;
				GCC_WARN_64_TO_32_BIT_CONVERSION = YES;
				GCC_WARN_ABOUT_RETURN_TYPE = YES_ERROR;
				GCC_WARN_UNDECLARED_SELECTOR = YES;
				GCC_WARN_UNINITIALIZED_AUTOS = YES_AGGRESSIVE;
				GCC_WARN_UNUSED_FUNCTION = YES;
				GCC_WARN_UNUSED_VARIABLE = YES;
				IPHONEOS_DEPLOYMENT_TARGET = 14.4;
				MTL_ENABLE_DEBUG_INFO = NO;
				MTL_FAST_MATH = YES;
				SDKROOT = iphoneos;
				SWIFT_COMPILATION_MODE = wholemodule;
				SWIFT_OPTIMIZATION_LEVEL = "-O";
				VALIDATE_PRODUCT = YES;
			};
			name = Release;
		};
		E183193A25C9ED2E00415A37 /* Debug */ = {
			isa = XCBuildConfiguration;
			baseConfigurationReference = 67A756FB5ACE85D452838004 /* Pods-SuperShapes-iOS.debug.xcconfig */;
			buildSettings = {
				ASSETCATALOG_COMPILER_APPICON_NAME = AppIcon;
				ASSETCATALOG_COMPILER_GLOBAL_ACCENT_COLOR_NAME = AccentColor;
				CODE_SIGN_ENTITLEMENTS = SuperShapes.entitlements;
				CODE_SIGN_STYLE = Automatic;
				DEVELOPMENT_TEAM = CC7PU3PUHS;
				INFOPLIST_FILE = iOS/Info.plist;
				LD_RUNPATH_SEARCH_PATHS = (
					"$(inherited)",
					"@executable_path/Frameworks",
				);
				PRODUCT_BUNDLE_IDENTIFIER = com.syedrezaali.supershapes;
				PRODUCT_NAME = SuperShapes;
				SUPPORTS_MACCATALYST = NO;
				SWIFT_OBJC_BRIDGING_HEADER = "Source/Renderer/Utilities/SuperShapes-Bridging-Header.h";
				SWIFT_VERSION = 5.0;
				TARGETED_DEVICE_FAMILY = "1,2";
			};
			name = Debug;
		};
		E183193B25C9ED2E00415A37 /* Release */ = {
			isa = XCBuildConfiguration;
			baseConfigurationReference = A3AF19A62F51ACA3E501BACE /* Pods-SuperShapes-iOS.release.xcconfig */;
			buildSettings = {
				ASSETCATALOG_COMPILER_APPICON_NAME = AppIcon;
				ASSETCATALOG_COMPILER_GLOBAL_ACCENT_COLOR_NAME = AccentColor;
				CODE_SIGN_ENTITLEMENTS = SuperShapes.entitlements;
				CODE_SIGN_STYLE = Automatic;
				DEVELOPMENT_TEAM = CC7PU3PUHS;
				INFOPLIST_FILE = iOS/Info.plist;
				LD_RUNPATH_SEARCH_PATHS = (
					"$(inherited)",
					"@executable_path/Frameworks",
				);
				PRODUCT_BUNDLE_IDENTIFIER = com.syedrezaali.supershapes;
				PRODUCT_NAME = SuperShapes;
				SUPPORTS_MACCATALYST = NO;
				SWIFT_OBJC_BRIDGING_HEADER = "Source/Renderer/Utilities/SuperShapes-Bridging-Header.h";
				SWIFT_VERSION = 5.0;
				TARGETED_DEVICE_FAMILY = "1,2";
			};
			name = Release;
		};
		E1E77D7B25CDE053002258FF /* Debug */ = {
			isa = XCBuildConfiguration;
			baseConfigurationReference = D8F79E70AD63F73872E558AB /* Pods-SuperShapes-macOS.debug.xcconfig */;
			buildSettings = {
				ASSETCATALOG_COMPILER_APPICON_NAME = AppIcon;
				ASSETCATALOG_COMPILER_GLOBAL_ACCENT_COLOR_NAME = AccentColor;
				CODE_SIGN_ENTITLEMENTS = SuperShapes.entitlements;
				CODE_SIGN_STYLE = Automatic;
				COMBINE_HIDPI_IMAGES = YES;
				DEVELOPMENT_TEAM = CC7PU3PUHS;
				ENABLE_HARDENED_RUNTIME = YES;
				INFOPLIST_FILE = macOS/Info.plist;
				LD_RUNPATH_SEARCH_PATHS = (
					"$(inherited)",
					"@executable_path/../Frameworks",
				);
				MACOSX_DEPLOYMENT_TARGET = 11.1;
				PRODUCT_BUNDLE_IDENTIFIER = com.syedrezaali.supershapes;
				PRODUCT_NAME = SuperShapes;
				SDKROOT = macosx;
				SWIFT_OBJC_BRIDGING_HEADER = "Source/Renderer/Utilities/SuperShapes-Bridging-Header.h";
				SWIFT_VERSION = 5.0;
			};
			name = Debug;
		};
		E1E77D7C25CDE053002258FF /* Release */ = {
			isa = XCBuildConfiguration;
			baseConfigurationReference = 29F8A72DF325C853ECAAD899 /* Pods-SuperShapes-macOS.release.xcconfig */;
			buildSettings = {
				ASSETCATALOG_COMPILER_APPICON_NAME = AppIcon;
				ASSETCATALOG_COMPILER_GLOBAL_ACCENT_COLOR_NAME = AccentColor;
				CODE_SIGN_ENTITLEMENTS = SuperShapes.entitlements;
				CODE_SIGN_STYLE = Automatic;
				COMBINE_HIDPI_IMAGES = YES;
				DEVELOPMENT_TEAM = CC7PU3PUHS;
				ENABLE_HARDENED_RUNTIME = YES;
				INFOPLIST_FILE = macOS/Info.plist;
				LD_RUNPATH_SEARCH_PATHS = (
					"$(inherited)",
					"@executable_path/../Frameworks",
				);
				MACOSX_DEPLOYMENT_TARGET = 11.1;
				PRODUCT_BUNDLE_IDENTIFIER = com.syedrezaali.supershapes;
				PRODUCT_NAME = SuperShapes;
				SDKROOT = macosx;
				SWIFT_OBJC_BRIDGING_HEADER = "Source/Renderer/Utilities/SuperShapes-Bridging-Header.h";
				SWIFT_VERSION = 5.0;
			};
			name = Release;
		};
/* End XCBuildConfiguration section */

/* Begin XCConfigurationList section */
		E183192025C9ED2E00415A37 /* Build configuration list for PBXProject "SuperShapes" */ = {
			isa = XCConfigurationList;
			buildConfigurations = (
				E183193725C9ED2E00415A37 /* Debug */,
				E183193825C9ED2E00415A37 /* Release */,
			);
			defaultConfigurationIsVisible = 0;
			defaultConfigurationName = Release;
		};
		E183193925C9ED2E00415A37 /* Build configuration list for PBXNativeTarget "SuperShapes-iOS" */ = {
			isa = XCConfigurationList;
			buildConfigurations = (
				E183193A25C9ED2E00415A37 /* Debug */,
				E183193B25C9ED2E00415A37 /* Release */,
			);
			defaultConfigurationIsVisible = 0;
			defaultConfigurationName = Release;
		};
		E1E77D7D25CDE053002258FF /* Build configuration list for PBXNativeTarget "SuperShapes-macOS" */ = {
			isa = XCConfigurationList;
			buildConfigurations = (
				E1E77D7B25CDE053002258FF /* Debug */,
				E1E77D7C25CDE053002258FF /* Release */,
			);
			defaultConfigurationIsVisible = 0;
			defaultConfigurationName = Release;
		};
/* End XCConfigurationList section */
	};
	rootObject = E183191D25C9ED2E00415A37 /* Project object */;
}
